// !$*UTF8*$!
{
	archiveVersion = 1;
	classes = {
	};
	objectVersion = 56;
	objects = {

/* Begin PBXBuildFile section */
		C05702A02AF1818A00494248 /* aprendiendoApp.swift in Sources */ = {isa = PBXBuildFile; fileRef = C057029F2AF1818A00494248 /* aprendiendoApp.swift */; };
		C05702A22AF1818A00494248 /* ContentView.swift in Sources */ = {isa = PBXBuildFile; fileRef = C05702A12AF1818A00494248 /* ContentView.swift */; };
		C05702A42AF1818C00494248 /* Assets.xcassets in Resources */ = {isa = PBXBuildFile; fileRef = C05702A32AF1818C00494248 /* Assets.xcassets */; };
		C05702A72AF1818C00494248 /* Preview Assets.xcassets in Resources */ = {isa = PBXBuildFile; fileRef = C05702A62AF1818C00494248 /* Preview Assets.xcassets */; };
		C05702AF2AF1862A00494248 /* Event.swift in Sources */ = {isa = PBXBuildFile; fileRef = C05702AE2AF1862A00494248 /* Event.swift */; };
		C05702B22AF1865800494248 /* EventView.swift in Sources */ = {isa = PBXBuildFile; fileRef = C05702B12AF1865800494248 /* EventView.swift */; };
		C05702B42AF190F600494248 /* NewEventView.swift in Sources */ = {isa = PBXBuildFile; fileRef = C05702B32AF190F600494248 /* NewEventView.swift */; };
		C05702B72AF1942C00494248 /* UINavigationBar.swift in Sources */ = {isa = PBXBuildFile; fileRef = C05702B62AF1942C00494248 /* UINavigationBar.swift */; };
/* End PBXBuildFile section */

/* Begin PBXFileReference section */
		C057029C2AF1818A00494248 /* aprendiendo.app */ = {isa = PBXFileReference; explicitFileType = wrapper.application; includeInIndex = 0; path = aprendiendo.app; sourceTree = BUILT_PRODUCTS_DIR; };
		C057029F2AF1818A00494248 /* aprendiendoApp.swift */ = {isa = PBXFileReference; lastKnownFileType = sourcecode.swift; path = aprendiendoApp.swift; sourceTree = "<group>"; };
		C05702A12AF1818A00494248 /* ContentView.swift */ = {isa = PBXFileReference; lastKnownFileType = sourcecode.swift; path = ContentView.swift; sourceTree = "<group>"; };
		C05702A32AF1818C00494248 /* Assets.xcassets */ = {isa = PBXFileReference; lastKnownFileType = folder.assetcatalog; path = Assets.xcassets; sourceTree = "<group>"; };
		C05702A62AF1818C00494248 /* Preview Assets.xcassets */ = {isa = PBXFileReference; lastKnownFileType = folder.assetcatalog; path = "Preview Assets.xcassets"; sourceTree = "<group>"; };
		C05702AE2AF1862A00494248 /* Event.swift */ = {isa = PBXFileReference; lastKnownFileType = sourcecode.swift; path = Event.swift; sourceTree = "<group>"; };
		C05702B12AF1865800494248 /* EventView.swift */ = {isa = PBXFileReference; lastKnownFileType = sourcecode.swift; path = EventView.swift; sourceTree = "<group>"; };
		C05702B32AF190F600494248 /* NewEventView.swift */ = {isa = PBXFileReference; lastKnownFileType = sourcecode.swift; path = NewEventView.swift; sourceTree = "<group>"; };
		C05702B62AF1942C00494248 /* UINavigationBar.swift */ = {isa = PBXFileReference; lastKnownFileType = sourcecode.swift; path = UINavigationBar.swift; sourceTree = "<group>"; };
/* End PBXFileReference section */

/* Begin PBXFrameworksBuildPhase section */
		C05702992AF1818A00494248 /* Frameworks */ = {
			isa = PBXFrameworksBuildPhase;
			buildActionMask = 2147483647;
			files = (
			);
			runOnlyForDeploymentPostprocessing = 0;
		};
/* End PBXFrameworksBuildPhase section */

/* Begin PBXGroup section */
		C05702932AF1818A00494248 = {
			isa = PBXGroup;
			children = (
				C057029E2AF1818A00494248 /* aprendiendo */,
				C057029D2AF1818A00494248 /* Products */,
			);
			sourceTree = "<group>";
		};
		C057029D2AF1818A00494248 /* Products */ = {
			isa = PBXGroup;
			children = (
				C057029C2AF1818A00494248 /* aprendiendo.app */,
			);
			name = Products;
			sourceTree = "<group>";
		};
		C057029E2AF1818A00494248 /* aprendiendo */ = {
			isa = PBXGroup;
			children = (
				C05702B52AF1941500494248 /* Extensions */,
				C05702B02AF1863C00494248 /* Views */,
				C05702AD2AF1861700494248 /* Modelo */,
				C057029F2AF1818A00494248 /* aprendiendoApp.swift */,
				C05702A12AF1818A00494248 /* ContentView.swift */,
				C05702A32AF1818C00494248 /* Assets.xcassets */,
				C05702A52AF1818C00494248 /* Preview Content */,
			);
			path = aprendiendo;
			sourceTree = "<group>";
		};
		C05702A52AF1818C00494248 /* Preview Content */ = {
			isa = PBXGroup;
			children = (
				C05702A62AF1818C00494248 /* Preview Assets.xcassets */,
			);
			path = "Preview Content";
			sourceTree = "<group>";
		};
		C05702AD2AF1861700494248 /* Modelo */ = {
			isa = PBXGroup;
			children = (
				C05702AE2AF1862A00494248 /* Event.swift */,
			);
			path = Modelo;
			sourceTree = "<group>";
		};
		C05702B02AF1863C00494248 /* Views */ = {
			isa = PBXGroup;
			children = (
				C05702B12AF1865800494248 /* EventView.swift */,
				C05702B32AF190F600494248 /* NewEventView.swift */,
			);
			path = Views;
			sourceTree = "<group>";
		};
		C05702B52AF1941500494248 /* Extensions */ = {
			isa = PBXGroup;
			children = (
				C05702B62AF1942C00494248 /* UINavigationBar.swift */,
			);
			path = Extensions;
			sourceTree = "<group>";
		};
/* End PBXGroup section */

/* Begin PBXNativeTarget section */
		C057029B2AF1818A00494248 /* aprendiendo */ = {
			isa = PBXNativeTarget;
			buildConfigurationList = C05702AA2AF1818C00494248 /* Build configuration list for PBXNativeTarget "aprendiendo" */;
			buildPhases = (
				C05702982AF1818A00494248 /* Sources */,
				C05702992AF1818A00494248 /* Frameworks */,
				C057029A2AF1818A00494248 /* Resources */,
			);
			buildRules = (
			);
			dependencies = (
			);
			name = aprendiendo;
			productName = aprendiendo;
			productReference = C057029C2AF1818A00494248 /* aprendiendo.app */;
			productType = "com.apple.product-type.application";
		};
/* End PBXNativeTarget section */

/* Begin PBXProject section */
		C05702942AF1818A00494248 /* Project object */ = {
			isa = PBXProject;
			attributes = {
				BuildIndependentTargetsInParallel = 1;
				LastSwiftUpdateCheck = 1420;
				LastUpgradeCheck = 1420;
				TargetAttributes = {
					C057029B2AF1818A00494248 = {
						CreatedOnToolsVersion = 14.2;
					};
				};
			};
			buildConfigurationList = C05702972AF1818A00494248 /* Build configuration list for PBXProject "aprendiendo" */;
			compatibilityVersion = "Xcode 14.0";
			developmentRegion = en;
			hasScannedForEncodings = 0;
			knownRegions = (
				en,
				Base,
			);
			mainGroup = C05702932AF1818A00494248;
			productRefGroup = C057029D2AF1818A00494248 /* Products */;
			projectDirPath = "";
			projectRoot = "";
			targets = (
				C057029B2AF1818A00494248 /* aprendiendo */,
			);
		};
/* End PBXProject section */

/* Begin PBXResourcesBuildPhase section */
		C057029A2AF1818A00494248 /* Resources */ = {
			isa = PBXResourcesBuildPhase;
			buildActionMask = 2147483647;
			files = (
				C05702A72AF1818C00494248 /* Preview Assets.xcassets in Resources */,
				C05702A42AF1818C00494248 /* Assets.xcassets in Resources */,
			);
			runOnlyForDeploymentPostprocessing = 0;
		};
/* End PBXResourcesBuildPhase section */

/* Begin PBXSourcesBuildPhase section */
		C05702982AF1818A00494248 /* Sources */ = {
			isa = PBXSourcesBuildPhase;
			buildActionMask = 2147483647;
			files = (
				C05702A22AF1818A00494248 /* ContentView.swift in Sources */,
				C05702AF2AF1862A00494248 /* Event.swift in Sources */,
				C05702A02AF1818A00494248 /* aprendiendoApp.swift in Sources */,
				C05702B72AF1942C00494248 /* UINavigationBar.swift in Sources */,
				C05702B42AF190F600494248 /* NewEventView.swift in Sources */,
				C05702B22AF1865800494248 /* EventView.swift in Sources */,
			);
			runOnlyForDeploymentPostprocessing = 0;
		};
/* End PBXSourcesBuildPhase section */

/* Begin XCBuildConfiguration section */
		C05702A82AF1818C00494248 /* Debug */ = {
			isa = XCBuildConfiguration;
			buildSettings = {
				ALWAYS_SEARCH_USER_PATHS = NO;
				CLANG_ANALYZER_NONNULL = YES;
				CLANG_ANALYZER_NUMBER_OBJECT_CONVERSION = YES_AGGRESSIVE;
				CLANG_CXX_LANGUAGE_STANDARD = "gnu++20";
				CLANG_ENABLE_MODULES = YES;
				CLANG_ENABLE_OBJC_ARC = YES;
				CLANG_ENABLE_OBJC_WEAK = YES;
				CLANG_WARN_BLOCK_CAPTURE_AUTORELEASING = YES;
				CLANG_WARN_BOOL_CONVERSION = YES;
				CLANG_WARN_COMMA = YES;
				CLANG_WARN_CONSTANT_CONVERSION = YES;
				CLANG_WARN_DEPRECATED_OBJC_IMPLEMENTATIONS = YES;
				CLANG_WARN_DIRECT_OBJC_ISA_USAGE = YES_ERROR;
				CLANG_WARN_DOCUMENTATION_COMMENTS = YES;
				CLANG_WARN_EMPTY_BODY = YES;
				CLANG_WARN_ENUM_CONVERSION = YES;
				CLANG_WARN_INFINITE_RECURSION = YES;
				CLANG_WARN_INT_CONVERSION = YES;
				CLANG_WARN_NON_LITERAL_NULL_CONVERSION = YES;
				CLANG_WARN_OBJC_IMPLICIT_RETAIN_SELF = YES;
				CLANG_WARN_OBJC_LITERAL_CONVERSION = YES;
				CLANG_WARN_OBJC_ROOT_CLASS = YES_ERROR;
				CLANG_WARN_QUOTED_INCLUDE_IN_FRAMEWORK_HEADER = YES;
				CLANG_WARN_RANGE_LOOP_ANALYSIS = YES;
				CLANG_WARN_STRICT_PROTOTYPES = YES;
				CLANG_WARN_SUSPICIOUS_MOVE = YES;
				CLANG_WARN_UNGUARDED_AVAILABILITY = YES_AGGRESSIVE;
				CLANG_WARN_UNREACHABLE_CODE = YES;
				CLANG_WARN__DUPLICATE_METHOD_MATCH = YES;
				COPY_PHASE_STRIP = NO;
				DEBUG_INFORMATION_FORMAT = dwarf;
				ENABLE_STRICT_OBJC_MSGSEND = YES;
				ENABLE_TESTABILITY = YES;
				GCC_C_LANGUAGE_STANDARD = gnu11;
				GCC_DYNAMIC_NO_PIC = NO;
				GCC_NO_COMMON_BLOCKS = YES;
				GCC_OPTIMIZATION_LEVEL = 0;
				GCC_PREPROCESSOR_DEFINITIONS = (
					"DEBUG=1",
					"$(inherited)",
				);
				GCC_WARN_64_TO_32_BIT_CONVERSION = YES;
				GCC_WARN_ABOUT_RETURN_TYPE = YES_ERROR;
				GCC_WARN_UNDECLARED_SELECTOR = YES;
				GCC_WARN_UNINITIALIZED_AUTOS = YES_AGGRESSIVE;
				GCC_WARN_UNUSED_FUNCTION = YES;
				GCC_WARN_UNUSED_VARIABLE = YES;
				IPHONEOS_DEPLOYMENT_TARGET = 16.2;
				MTL_ENABLE_DEBUG_INFO = INCLUDE_SOURCE;
				MTL_FAST_MATH = YES;
				ONLY_ACTIVE_ARCH = YES;
				SDKROOT = iphoneos;
				SWIFT_ACTIVE_COMPILATION_CONDITIONS = DEBUG;
				SWIFT_OPTIMIZATION_LEVEL = "-Onone";
			};
			name = Debug;
		};
		C05702A92AF1818C00494248 /* Release */ = {
			isa = XCBuildConfiguration;
			buildSettings = {
				ALWAYS_SEARCH_USER_PATHS = NO;
				CLANG_ANALYZER_NONNULL = YES;
				CLANG_ANALYZER_NUMBER_OBJECT_CONVERSION = YES_AGGRESSIVE;
				CLANG_CXX_LANGUAGE_STANDARD = "gnu++20";
				CLANG_ENABLE_MODULES = YES;
				CLANG_ENABLE_OBJC_ARC = YES;
				CLANG_ENABLE_OBJC_WEAK = YES;
				CLANG_WARN_BLOCK_CAPTURE_AUTORELEASING = YES;
				CLANG_WARN_BOOL_CONVERSION = YES;
				CLANG_WARN_COMMA = YES;
				CLANG_WARN_CONSTANT_CONVERSION = YES;
				CLANG_WARN_DEPRECATED_OBJC_IMPLEMENTATIONS = YES;
				CLANG_WARN_DIRECT_OBJC_ISA_USAGE = YES_ERROR;
				CLANG_WARN_DOCUMENTATION_COMMENTS = YES;
				CLANG_WARN_EMPTY_BODY = YES;
				CLANG_WARN_ENUM_CONVERSION = YES;
				CLANG_WARN_INFINITE_RECURSION = YES;
				CLANG_WARN_INT_CONVERSION = YES;
				CLANG_WARN_NON_LITERAL_NULL_CONVERSION = YES;
				CLANG_WARN_OBJC_IMPLICIT_RETAIN_SELF = YES;
				CLANG_WARN_OBJC_LITERAL_CONVERSION = YES;
				CLANG_WARN_OBJC_ROOT_CLASS = YES_ERROR;
				CLANG_WARN_QUOTED_INCLUDE_IN_FRAMEWORK_HEADER = YES;
				CLANG_WARN_RANGE_LOOP_ANALYSIS = YES;
				CLANG_WARN_STRICT_PROTOTYPES = YES;
				CLANG_WARN_SUSPICIOUS_MOVE = YES;
				CLANG_WARN_UNGUARDED_AVAILABILITY = YES_AGGRESSIVE;
				CLANG_WARN_UNREACHABLE_CODE = YES;
				CLANG_WARN__DUPLICATE_METHOD_MATCH = YES;
				COPY_PHASE_STRIP = NO;
				DEBUG_INFORMATION_FORMAT = "dwarf-with-dsym";
				ENABLE_NS_ASSERTIONS = NO;
				ENABLE_STRICT_OBJC_MSGSEND = YES;
				GCC_C_LANGUAGE_STANDARD = gnu11;
				GCC_NO_COMMON_BLOCKS = YES;
				GCC_WARN_64_TO_32_BIT_CONVERSION = YES;
				GCC_WARN_ABOUT_RETURN_TYPE = YES_ERROR;
				GCC_WARN_UNDECLARED_SELECTOR = YES;
				GCC_WARN_UNINITIALIZED_AUTOS = YES_AGGRESSIVE;
				GCC_WARN_UNUSED_FUNCTION = YES;
				GCC_WARN_UNUSED_VARIABLE = YES;
				IPHONEOS_DEPLOYMENT_TARGET = 16.2;
				MTL_ENABLE_DEBUG_INFO = NO;
				MTL_FAST_MATH = YES;
				SDKROOT = iphoneos;
				SWIFT_COMPILATION_MODE = wholemodule;
				SWIFT_OPTIMIZATION_LEVEL = "-O";
				VALIDATE_PRODUCT = YES;
			};
			name = Release;
		};
		C05702AB2AF1818C00494248 /* Debug */ = {
			isa = XCBuildConfiguration;
			buildSettings = {
				ASSETCATALOG_COMPILER_APPICON_NAME = AppIcon;
				ASSETCATALOG_COMPILER_GLOBAL_ACCENT_COLOR_NAME = AccentColor;
				CODE_SIGN_STYLE = Automatic;
				CURRENT_PROJECT_VERSION = 1;
				DEVELOPMENT_ASSET_PATHS = "\"aprendiendo/Preview Content\"";
				DEVELOPMENT_TEAM = FLU98JG66T;
				ENABLE_PREVIEWS = YES;
				GENERATE_INFOPLIST_FILE = YES;
				INFOPLIST_KEY_UIApplicationSceneManifest_Generation = YES;
				INFOPLIST_KEY_UIApplicationSupportsIndirectInputEvents = YES;
				INFOPLIST_KEY_UILaunchScreen_Generation = YES;
				INFOPLIST_KEY_UISupportedInterfaceOrientations_iPad = "UIInterfaceOrientationPortrait UIInterfaceOrientationPortraitUpsideDown UIInterfaceOrientationLandscapeLeft UIInterfaceOrientationLandscapeRight";
				INFOPLIST_KEY_UISupportedInterfaceOrientations_iPhone = "UIInterfaceOrientationPortrait UIInterfaceOrientationLandscapeLeft UIInterfaceOrientationLandscapeRight";
				IPHONEOS_DEPLOYMENT_TARGET = 14.0;
				LD_RUNPATH_SEARCH_PATHS = (
					"$(inherited)",
					"@executable_path/Frameworks",
				);
				MARKETING_VERSION = 1.0;
				PRODUCT_BUNDLE_IDENTIFIER = es.codigoswift.aprendiendo;
				PRODUCT_NAME = "$(TARGET_NAME)";
				SWIFT_EMIT_LOC_STRINGS = YES;
				SWIFT_VERSION = 5.0;
				TARGETED_DEVICE_FAMILY = "1,2";
			};
			name = Debug;
		};
		C05702AC2AF1818C00494248 /* Release */ = {
			isa = XCBuildConfiguration;
			buildSettings = {
				ASSETCATALOG_COMPILER_APPICON_NAME = AppIcon;
				ASSETCATALOG_COMPILER_GLOBAL_ACCENT_COLOR_NAME = AccentColor;
				CODE_SIGN_STYLE = Automatic;
				CURRENT_PROJECT_VERSION = 1;
				DEVELOPMENT_ASSET_PATHS = "\"aprendiendo/Preview Content\"";
				DEVELOPMENT_TEAM = FLU98JG66T;
				ENABLE_PREVIEWS = YES;
				GENERATE_INFOPLIST_FILE = YES;
				INFOPLIST_KEY_UIApplicationSceneManifest_Generation = YES;
				INFOPLIST_KEY_UIApplicationSupportsIndirectInputEvents = YES;
				INFOPLIST_KEY_UILaunchScreen_Generation = YES;
				INFOPLIST_KEY_UISupportedInterfaceOrientations_iPad = "UIInterfaceOrientationPortrait UIInterfaceOrientationPortraitUpsideDown UIInterfaceOrientationLandscapeLeft UIInterfaceOrientationLandscapeRight";
				INFOPLIST_KEY_UISupportedInterfaceOrientations_iPhone = "UIInterfaceOrientationPortrait UIInterfaceOrientationLandscapeLeft UIInterfaceOrientationLandscapeRight";
				IPHONEOS_DEPLOYMENT_TARGET = 14.0;
				LD_RUNPATH_SEARCH_PATHS = (
					"$(inherited)",
					"@executable_path/Frameworks",
				);
				MARKETING_VERSION = 1.0;
				PRODUCT_BUNDLE_IDENTIFIER = es.codigoswift.aprendiendo;
				PRODUCT_NAME = "$(TARGET_NAME)";
				SWIFT_EMIT_LOC_STRINGS = YES;
				SWIFT_VERSION = 5.0;
				TARGETED_DEVICE_FAMILY = "1,2";
			};
			name = Release;
		};
/* End XCBuildConfiguration section */

/* Begin XCConfigurationList section */
		C05702972AF1818A00494248 /* Build configuration list for PBXProject "aprendiendo" */ = {
			isa = XCConfigurationList;
			buildConfigurations = (
				C05702A82AF1818C00494248 /* Debug */,
				C05702A92AF1818C00494248 /* Release */,
			);
			defaultConfigurationIsVisible = 0;
			defaultConfigurationName = Release;
		};
		C05702AA2AF1818C00494248 /* Build configuration list for PBXNativeTarget "aprendiendo" */ = {
			isa = XCConfigurationList;
			buildConfigurations = (
				C05702AB2AF1818C00494248 /* Debug */,
				C05702AC2AF1818C00494248 /* Release */,
			);
			defaultConfigurationIsVisible = 0;
			defaultConfigurationName = Release;
		};
/* End XCConfigurationList section */
	};
	rootObject = C05702942AF1818A00494248 /* Project object */;
}
